PODS:
  - AuthLoginScreen (0.1.0):
    - DesignKit
    - Validator
  - AuthManager (0.1.0)
  - AuthPinScreen (0.1.0):
    - DesignKit
    - UIUtils
  - DesignKit (0.1.0):
    - UIUtils
  - Network (0.1.0)
  - R.swift (5.1.0):
    - R.swift.Library (~> 5.1.0)
  - R.swift.Library (5.1.0)
  - Storage (0.1.0)
  - SwiftLint (0.38.2)
  - UIUtils (0.1.0)
  - Validator (3.2.1)

DEPENDENCIES:
  - AuthLoginScreen (from `LocalPods/Screens/AuthLoginScreen`)
  - AuthManager (from `LocalPods/Services/AuthManager`)
  - AuthPinScreen (from `LocalPods/Screens/AuthPinScreen`)
  - DesignKit (from `LocalPods/Presentation/DesignKit`)
  - Network (from `LocalPods/Core/Network`)
  - R.swift
  - Storage (from `LocalPods/Core/Storage`)
  - SwiftLint
  - UIUtils (from `LocalPods/Presentation/UIUtils`)

SPEC REPOS:
  trunk:
    - R.swift
    - R.swift.Library
    - SwiftLint
    - Validator

EXTERNAL SOURCES:
  AuthLoginScreen:
    :path: LocalPods/Screens/AuthLoginScreen
  AuthManager:
    :path: LocalPods/Services/AuthManager
  AuthPinScreen:
    :path: LocalPods/Screens/AuthPinScreen
  DesignKit:
    :path: LocalPods/Presentation/DesignKit
  Network:
    :path: LocalPods/Core/Network
  Storage:
    :path: LocalPods/Core/Storage
  UIUtils:
    :path: LocalPods/Presentation/UIUtils

SPEC CHECKSUMS:
  AuthLoginScreen: 220c0838361ae643e0486b280395e8efb7ff178b
  AuthManager: 6982d3ccd15f8767ca1230bec0fcf86961250330
  AuthPinScreen: 246efd2ea7385d6874c4c854fbb0ed3da13e618a
  DesignKit: e3e210d54b91be6779b8db7f2ee73e9f643a9dad
  Network: 57206d692ec3af6aea50bfee90fbde910902df59
  R.swift: 8cbc4fc69b740305b6a17c8a8ed968eb788962d9
  R.swift.Library: fa85ce1e0d0b7e818cd9e080df910ba54d2776cc
  Storage: 8c90e63db432ad3aea2bbf599cef91628abf801f
  SwiftLint: 8f5d2f903e1c9bcbc832fd16771e80a263ac6cbb
  UIUtils: 0717d0deb9653664ebb73e9270b94e19878443d9
  Validator: 80a6f567220c962dfd2d9928ae98a8c1d164f6f4

PODFILE CHECKSUM: fd5c1db0626192a9704b08f9de0448a941aca234

COCOAPODS: 1.9.0
