PODS:
  - FinnhubDataManager (0.1.0):
    - Network
    - Storage
  - FormattersKit (0.1.0)
  - Kingfisher/Core (5.13.2)
  - Kingfisher/SwiftUI (5.13.2):
    - Kingfisher/Core
  - Network (0.1.0)
  - NewsScreen (0.1.0):
    - FinnhubDataManager
    - FormattersKit
    - Kingfisher/SwiftUI
  - Storage (0.1.0)

DEPENDENCIES:
  - FinnhubDataManager (from `../../../Services/FinnhubDataManager`)
  - FormattersKit (from `../../../Core/FormattersKit/`)
  - Network (from `../../../Core/Network/`)
  - NewsScreen (from `../`)
  - Storage (from `../../../Core/Storage/`)

SPEC REPOS:
  trunk:
    - Kingfisher

EXTERNAL SOURCES:
  FinnhubDataManager:
    :path: "../../../Services/FinnhubDataManager"
  FormattersKit:
    :path: "../../../Core/FormattersKit/"
  Network:
    :path: "../../../Core/Network/"
  NewsScreen:
    :path: "../"
  Storage:
    :path: "../../../Core/Storage/"

SPEC CHECKSUMS:
  FinnhubDataManager: b51fb2844e9be6d4a3f858fa1ae2c3efc7d37b0f
  FormattersKit: b5664ab7f21fccbdc8c6feddf5107e7469e3d5fa
  Kingfisher: d342c8354c10c3d85a27d6d4c42c41285924b898
  Network: 57206d692ec3af6aea50bfee90fbde910902df59
  NewsScreen: b1e3775161c53853994f105b4deac565b4b762e9
  Storage: 8c90e63db432ad3aea2bbf599cef91628abf801f

PODFILE CHECKSUM: b241da51432c3991f4e20c7e330f38702c22d42c

COCOAPODS: 1.9.0
