PODS:
  - DetailStockScreen (0.1.0):
    - FinnhubDataManager
  - FinnhubDataManager (0.1.0):
    - Network
    - Storage
  - Network (0.1.0)
  - Storage (0.1.0)

DEPENDENCIES:
  - DetailStockScreen (from `../`)
  - FinnhubDataManager (from `../../../Services/FinnhubDataManager`)
  - Network (from `../../../Core/Network`)
  - Storage (from `../../../Core/Storage`)

EXTERNAL SOURCES:
  DetailStockScreen:
    :path: "../"
  FinnhubDataManager:
    :path: "../../../Services/FinnhubDataManager"
  Network:
    :path: "../../../Core/Network"
  Storage:
    :path: "../../../Core/Storage"

SPEC CHECKSUMS:
  DetailStockScreen: e83a3ed5c8a92cb9e8664016eb24ff328700187c
  FinnhubDataManager: b51fb2844e9be6d4a3f858fa1ae2c3efc7d37b0f
  Network: 57206d692ec3af6aea50bfee90fbde910902df59
  Storage: 8c90e63db432ad3aea2bbf599cef91628abf801f

PODFILE CHECKSUM: 5dbfe496142e591ec572bcd3fe3391fe453c83d6

COCOAPODS: 1.9.0
