PODS:
  - DetailStockScreen (0.1.0)

DEPENDENCIES:
  - DetailStockScreen (from `../`)

EXTERNAL SOURCES:
  DetailStockScreen:
    :path: "../"

SPEC CHECKSUMS:
  DetailStockScreen: 94e20f2192bf5e9d7a2876290d21f831122bcff4

PODFILE CHECKSUM: 7e760b133ee58f5458f4577cecd6c94bf7a8af68

COCOAPODS: 1.9.0
