PODS:
  - Network (0.1.0)
  - Nimble (8.0.5)
  - Quick (2.2.0)

DEPENDENCIES:
  - Network (from `../`)
  - Nimble
  - Quick

SPEC REPOS:
  trunk:
    - Nimble
    - Quick

EXTERNAL SOURCES:
  Network:
    :path: "../"

SPEC CHECKSUMS:
  Network: 57206d692ec3af6aea50bfee90fbde910902df59
  Nimble: 4ab1aeb9b45553c75b9687196b0fa0713170a332
  Quick: 7fb19e13be07b5dfb3b90d4f9824c855a11af40e

PODFILE CHECKSUM: 53cc877391a98a6384efb98ef6ba5de05aadc571

COCOAPODS: 1.9.0
