// !$*UTF8*$!
{
	archiveVersion = 1;
	classes = {
	};
	objectVersion = 51;
	objects = {

/* Begin PBXBuildFile section */
		57272E922428B17700A0E3ED /* AppStore.xcconfig in Resources */ = {isa = PBXBuildFile; fileRef = 57272E912428B17700A0E3ED /* AppStore.xcconfig */; };
		57412A822422845300E8019A /* AuthScreensUITests.swift in Sources */ = {isa = PBXBuildFile; fileRef = 57412A812422845300E8019A /* AuthScreensUITests.swift */; };
		743068E523FDC88C0075A374 /* AppDelegate.swift in Sources */ = {isa = PBXBuildFile; fileRef = 743068E423FDC88C0075A374 /* AppDelegate.swift */; };
		743068E723FDC88C0075A374 /* SceneDelegate.swift in Sources */ = {isa = PBXBuildFile; fileRef = 743068E623FDC88C0075A374 /* SceneDelegate.swift */; };
		743068EE23FDC88D0075A374 /* Assets.xcassets in Resources */ = {isa = PBXBuildFile; fileRef = 743068ED23FDC88D0075A374 /* Assets.xcassets */; };
		743068F123FDC88D0075A374 /* LaunchScreen.storyboard in Resources */ = {isa = PBXBuildFile; fileRef = 743068EF23FDC88D0075A374 /* LaunchScreen.storyboard */; };
		743068FA23FDCD6D0075A374 /* R.generated.swift in Sources */ = {isa = PBXBuildFile; fileRef = 743068F923FDCD6D0075A374 /* R.generated.swift */; };
		743068FE23FE55A40075A374 /* RootAppController.swift in Sources */ = {isa = PBXBuildFile; fileRef = 743068FD23FE55A40075A374 /* RootAppController.swift */; };
		A4255E4EB1EAA98A25E0EFF9 /* Pods_Tinkoff_Investment_Tinkoff_Investor_UI_Tests.framework in Frameworks */ = {isa = PBXBuildFile; fileRef = 7E05B55BE0B3F65112A4415B /* Pods_Tinkoff_Investment_Tinkoff_Investor_UI_Tests.framework */; };
		D59B58B3CB544F36FA24998A /* Pods_Tinkoff_Investment.framework in Frameworks */ = {isa = PBXBuildFile; fileRef = 35AA0650BEB7CA29CC22D842 /* Pods_Tinkoff_Investment.framework */; };
/* End PBXBuildFile section */

/* Begin PBXContainerItemProxy section */
		57412A842422845300E8019A /* PBXContainerItemProxy */ = {
			isa = PBXContainerItemProxy;
			containerPortal = 743068D923FDC88C0075A374 /* Project object */;
			proxyType = 1;
			remoteGlobalIDString = 743068E023FDC88C0075A374;
			remoteInfo = "Tinkoff Investment";
		};
/* End PBXContainerItemProxy section */

/* Begin PBXFileReference section */
		1289BE4E371867EAA5F334C6 /* Pods-Tinkoff Investment-Tinkoff Investor UI Tests.debug.xcconfig */ = {isa = PBXFileReference; includeInIndex = 1; lastKnownFileType = text.xcconfig; name = "Pods-Tinkoff Investment-Tinkoff Investor UI Tests.debug.xcconfig"; path = "Target Support Files/Pods-Tinkoff Investment-Tinkoff Investor UI Tests/Pods-Tinkoff Investment-Tinkoff Investor UI Tests.debug.xcconfig"; sourceTree = "<group>"; };
		35AA0650BEB7CA29CC22D842 /* Pods_Tinkoff_Investment.framework */ = {isa = PBXFileReference; explicitFileType = wrapper.framework; includeInIndex = 0; path = Pods_Tinkoff_Investment.framework; sourceTree = BUILT_PRODUCTS_DIR; };
		42A38B6FAC5C9D5731653F66 /* Pods-Tinkoff Investment.release.xcconfig */ = {isa = PBXFileReference; includeInIndex = 1; lastKnownFileType = text.xcconfig; name = "Pods-Tinkoff Investment.release.xcconfig"; path = "Target Support Files/Pods-Tinkoff Investment/Pods-Tinkoff Investment.release.xcconfig"; sourceTree = "<group>"; };
		57272E912428B17700A0E3ED /* AppStore.xcconfig */ = {isa = PBXFileReference; fileEncoding = 4; lastKnownFileType = text.xcconfig; path = AppStore.xcconfig; sourceTree = "<group>"; };
		57272E932428B18C00A0E3ED /* Debug.xcconfig */ = {isa = PBXFileReference; lastKnownFileType = text.xcconfig; path = Debug.xcconfig; sourceTree = "<group>"; };
		57272E942428B1A000A0E3ED /* Staging.xcconfig */ = {isa = PBXFileReference; lastKnownFileType = text.xcconfig; path = Staging.xcconfig; sourceTree = "<group>"; };
		57412A7F2422845300E8019A /* Tinkoff Investor UI Tests.xctest */ = {isa = PBXFileReference; explicitFileType = wrapper.cfbundle; includeInIndex = 0; path = "Tinkoff Investor UI Tests.xctest"; sourceTree = BUILT_PRODUCTS_DIR; };
		57412A812422845300E8019A /* AuthScreensUITests.swift */ = {isa = PBXFileReference; lastKnownFileType = sourcecode.swift; path = AuthScreensUITests.swift; sourceTree = "<group>"; };
		57412A832422845300E8019A /* Info.plist */ = {isa = PBXFileReference; lastKnownFileType = text.plist.xml; path = Info.plist; sourceTree = "<group>"; };
		63E8717A9C263561AF239A6E /* Pods-Tinkoff Investment-Tinkoff Investor UI Tests.release.xcconfig */ = {isa = PBXFileReference; includeInIndex = 1; lastKnownFileType = text.xcconfig; name = "Pods-Tinkoff Investment-Tinkoff Investor UI Tests.release.xcconfig"; path = "Target Support Files/Pods-Tinkoff Investment-Tinkoff Investor UI Tests/Pods-Tinkoff Investment-Tinkoff Investor UI Tests.release.xcconfig"; sourceTree = "<group>"; };
		743068E123FDC88C0075A374 /* Tinkoff Investor.app */ = {isa = PBXFileReference; explicitFileType = wrapper.application; includeInIndex = 0; path = "Tinkoff Investor.app"; sourceTree = BUILT_PRODUCTS_DIR; };
		743068E423FDC88C0075A374 /* AppDelegate.swift */ = {isa = PBXFileReference; lastKnownFileType = sourcecode.swift; path = AppDelegate.swift; sourceTree = "<group>"; };
		743068E623FDC88C0075A374 /* SceneDelegate.swift */ = {isa = PBXFileReference; lastKnownFileType = sourcecode.swift; path = SceneDelegate.swift; sourceTree = "<group>"; };
		743068ED23FDC88D0075A374 /* Assets.xcassets */ = {isa = PBXFileReference; lastKnownFileType = folder.assetcatalog; path = Assets.xcassets; sourceTree = "<group>"; };
		743068F023FDC88D0075A374 /* Base */ = {isa = PBXFileReference; lastKnownFileType = file.storyboard; name = Base; path = Base.lproj/LaunchScreen.storyboard; sourceTree = "<group>"; };
		743068F223FDC88D0075A374 /* Info.plist */ = {isa = PBXFileReference; lastKnownFileType = text.plist.xml; path = Info.plist; sourceTree = "<group>"; };
		743068F923FDCD6D0075A374 /* R.generated.swift */ = {isa = PBXFileReference; fileEncoding = 4; lastKnownFileType = sourcecode.swift; path = R.generated.swift; sourceTree = "<group>"; };
		743068FD23FE55A40075A374 /* RootAppController.swift */ = {isa = PBXFileReference; lastKnownFileType = sourcecode.swift; path = RootAppController.swift; sourceTree = "<group>"; };
		7E05B55BE0B3F65112A4415B /* Pods_Tinkoff_Investment_Tinkoff_Investor_UI_Tests.framework */ = {isa = PBXFileReference; explicitFileType = wrapper.framework; includeInIndex = 0; path = Pods_Tinkoff_Investment_Tinkoff_Investor_UI_Tests.framework; sourceTree = BUILT_PRODUCTS_DIR; };
		CCC03983078FD5DF8100A7A1 /* Pods-Tinkoff Investment.debug.xcconfig */ = {isa = PBXFileReference; includeInIndex = 1; lastKnownFileType = text.xcconfig; name = "Pods-Tinkoff Investment.debug.xcconfig"; path = "Target Support Files/Pods-Tinkoff Investment/Pods-Tinkoff Investment.debug.xcconfig"; sourceTree = "<group>"; };
/* End PBXFileReference section */

/* Begin PBXFrameworksBuildPhase section */
		57412A7C2422845300E8019A /* Frameworks */ = {
			isa = PBXFrameworksBuildPhase;
			buildActionMask = 2147483647;
			files = (
				A4255E4EB1EAA98A25E0EFF9 /* Pods_Tinkoff_Investment_Tinkoff_Investor_UI_Tests.framework in Frameworks */,
			);
			runOnlyForDeploymentPostprocessing = 0;
		};
		743068DE23FDC88C0075A374 /* Frameworks */ = {
			isa = PBXFrameworksBuildPhase;
			buildActionMask = 2147483647;
			files = (
				D59B58B3CB544F36FA24998A /* Pods_Tinkoff_Investment.framework in Frameworks */,
			);
			runOnlyForDeploymentPostprocessing = 0;
		};
/* End PBXFrameworksBuildPhase section */

/* Begin PBXGroup section */
		510080F20F2A0D8565B6534E /* Pods */ = {
			isa = PBXGroup;
			children = (
				CCC03983078FD5DF8100A7A1 /* Pods-Tinkoff Investment.debug.xcconfig */,
				42A38B6FAC5C9D5731653F66 /* Pods-Tinkoff Investment.release.xcconfig */,
				1289BE4E371867EAA5F334C6 /* Pods-Tinkoff Investment-Tinkoff Investor UI Tests.debug.xcconfig */,
				63E8717A9C263561AF239A6E /* Pods-Tinkoff Investment-Tinkoff Investor UI Tests.release.xcconfig */,
			);
			path = Pods;
			sourceTree = "<group>";
		};
		57272E902428B14600A0E3ED /* Configurations */ = {
			isa = PBXGroup;
			children = (
				57272E912428B17700A0E3ED /* AppStore.xcconfig */,
				57272E932428B18C00A0E3ED /* Debug.xcconfig */,
				57272E942428B1A000A0E3ED /* Staging.xcconfig */,
			);
			path = Configurations;
			sourceTree = "<group>";
		};
		57412A802422845300E8019A /* Tinkoff Investor UI Tests */ = {
			isa = PBXGroup;
			children = (
				57412A812422845300E8019A /* AuthScreensUITests.swift */,
				57412A832422845300E8019A /* Info.plist */,
			);
			path = "Tinkoff Investor UI Tests";
			sourceTree = "<group>";
		};
		743068D823FDC88C0075A374 = {
			isa = PBXGroup;
			children = (
				57272E902428B14600A0E3ED /* Configurations */,
				743068E323FDC88C0075A374 /* Tinkoff Investment */,
				57412A802422845300E8019A /* Tinkoff Investor UI Tests */,
				743068E223FDC88C0075A374 /* Products */,
				510080F20F2A0D8565B6534E /* Pods */,
				743068F923FDCD6D0075A374 /* R.generated.swift */,
				B37A2AB12A216A33A302FCEB /* Frameworks */,
			);
			sourceTree = "<group>";
		};
		743068E223FDC88C0075A374 /* Products */ = {
			isa = PBXGroup;
			children = (
				743068E123FDC88C0075A374 /* Tinkoff Investor.app */,
				57412A7F2422845300E8019A /* Tinkoff Investor UI Tests.xctest */,
			);
			name = Products;
			sourceTree = "<group>";
		};
		743068E323FDC88C0075A374 /* Tinkoff Investment */ = {
			isa = PBXGroup;
			children = (
				743068E423FDC88C0075A374 /* AppDelegate.swift */,
				743068E623FDC88C0075A374 /* SceneDelegate.swift */,
				743068FD23FE55A40075A374 /* RootAppController.swift */,
				743068ED23FDC88D0075A374 /* Assets.xcassets */,
				743068EF23FDC88D0075A374 /* LaunchScreen.storyboard */,
				743068F223FDC88D0075A374 /* Info.plist */,
			);
			path = "Tinkoff Investment";
			sourceTree = "<group>";
		};
		B37A2AB12A216A33A302FCEB /* Frameworks */ = {
			isa = PBXGroup;
			children = (
				35AA0650BEB7CA29CC22D842 /* Pods_Tinkoff_Investment.framework */,
				7E05B55BE0B3F65112A4415B /* Pods_Tinkoff_Investment_Tinkoff_Investor_UI_Tests.framework */,
			);
			name = Frameworks;
			sourceTree = "<group>";
		};
/* End PBXGroup section */

/* Begin PBXNativeTarget section */
		57412A7E2422845300E8019A /* Tinkoff Investor UI Tests */ = {
			isa = PBXNativeTarget;
			buildConfigurationList = 57412A882422845300E8019A /* Build configuration list for PBXNativeTarget "Tinkoff Investor UI Tests" */;
			buildPhases = (
				C1DB71B0DFFFD8AC99E8C114 /* [CP] Check Pods Manifest.lock */,
				57412A7B2422845300E8019A /* Sources */,
				57412A7C2422845300E8019A /* Frameworks */,
				57412A7D2422845300E8019A /* Resources */,
				D61DA2E8D79F16742B4FE21C /* [CP] Embed Pods Frameworks */,
			);
			buildRules = (
			);
			dependencies = (
				57412A852422845300E8019A /* PBXTargetDependency */,
			);
			name = "Tinkoff Investor UI Tests";
			productName = "Tinkoff Investor UI Tests";
			productReference = 57412A7F2422845300E8019A /* Tinkoff Investor UI Tests.xctest */;
			productType = "com.apple.product-type.bundle.ui-testing";
		};
		743068E023FDC88C0075A374 /* Tinkoff Investment */ = {
			isa = PBXNativeTarget;
			buildConfigurationList = 743068F523FDC88D0075A374 /* Build configuration list for PBXNativeTarget "Tinkoff Investment" */;
			buildPhases = (
				5230B63F7950F2BD54607D18 /* [CP] Check Pods Manifest.lock */,
				743068F823FDCCC70075A374 /* R.Swift */,
				743068DD23FDC88C0075A374 /* Sources */,
				743068DE23FDC88C0075A374 /* Frameworks */,
				743068DF23FDC88C0075A374 /* Resources */,
				57C204892404888600A5B90E /* SwiftLint */,
				1DE39891647BED719A10386D /* [CP] Embed Pods Frameworks */,
			);
			buildRules = (
			);
			dependencies = (
			);
			name = "Tinkoff Investment";
			productName = "Tinkoff Tech Authentificator";
			productReference = 743068E123FDC88C0075A374 /* Tinkoff Investor.app */;
			productType = "com.apple.product-type.application";
		};
/* End PBXNativeTarget section */

/* Begin PBXProject section */
		743068D923FDC88C0075A374 /* Project object */ = {
			isa = PBXProject;
			attributes = {
				LastSwiftUpdateCheck = 1130;
				LastUpgradeCheck = 1130;
				ORGANIZATIONNAME = "Tinkoff Courses";
				TargetAttributes = {
					57412A7E2422845300E8019A = {
						CreatedOnToolsVersion = 11.3.1;
						TestTargetID = 743068E023FDC88C0075A374;
					};
					743068E023FDC88C0075A374 = {
						CreatedOnToolsVersion = 11.3.1;
					};
				};
			};
			buildConfigurationList = 743068DC23FDC88C0075A374 /* Build configuration list for PBXProject "Tinkoff Investment" */;
			compatibilityVersion = "Xcode 9.3";
			developmentRegion = en;
			hasScannedForEncodings = 0;
			knownRegions = (
				en,
				Base,
			);
			mainGroup = 743068D823FDC88C0075A374;
			productRefGroup = 743068E223FDC88C0075A374 /* Products */;
			projectDirPath = "";
			projectRoot = "";
			targets = (
				743068E023FDC88C0075A374 /* Tinkoff Investment */,
				57412A7E2422845300E8019A /* Tinkoff Investor UI Tests */,
			);
		};
/* End PBXProject section */

/* Begin PBXResourcesBuildPhase section */
		57412A7D2422845300E8019A /* Resources */ = {
			isa = PBXResourcesBuildPhase;
			buildActionMask = 2147483647;
			files = (
			);
			runOnlyForDeploymentPostprocessing = 0;
		};
		743068DF23FDC88C0075A374 /* Resources */ = {
			isa = PBXResourcesBuildPhase;
			buildActionMask = 2147483647;
			files = (
				743068F123FDC88D0075A374 /* LaunchScreen.storyboard in Resources */,
				57272E922428B17700A0E3ED /* AppStore.xcconfig in Resources */,
				743068EE23FDC88D0075A374 /* Assets.xcassets in Resources */,
			);
			runOnlyForDeploymentPostprocessing = 0;
		};
/* End PBXResourcesBuildPhase section */

/* Begin PBXShellScriptBuildPhase section */
		1DE39891647BED719A10386D /* [CP] Embed Pods Frameworks */ = {
			isa = PBXShellScriptBuildPhase;
			buildActionMask = 2147483647;
			files = (
			);
			inputFileListPaths = (
				"${PODS_ROOT}/Target Support Files/Pods-Tinkoff Investment/Pods-Tinkoff Investment-frameworks-${CONFIGURATION}-input-files.xcfilelist",
			);
			name = "[CP] Embed Pods Frameworks";
			outputFileListPaths = (
				"${PODS_ROOT}/Target Support Files/Pods-Tinkoff Investment/Pods-Tinkoff Investment-frameworks-${CONFIGURATION}-output-files.xcfilelist",
			);
			runOnlyForDeploymentPostprocessing = 0;
			shellPath = /bin/sh;
			shellScript = "\"${PODS_ROOT}/Target Support Files/Pods-Tinkoff Investment/Pods-Tinkoff Investment-frameworks.sh\"\n";
			showEnvVarsInLog = 0;
		};
		5230B63F7950F2BD54607D18 /* [CP] Check Pods Manifest.lock */ = {
			isa = PBXShellScriptBuildPhase;
			buildActionMask = 2147483647;
			files = (
			);
			inputFileListPaths = (
			);
			inputPaths = (
				"${PODS_PODFILE_DIR_PATH}/Podfile.lock",
				"${PODS_ROOT}/Manifest.lock",
			);
			name = "[CP] Check Pods Manifest.lock";
			outputFileListPaths = (
			);
			outputPaths = (
				"$(DERIVED_FILE_DIR)/Pods-Tinkoff Investment-checkManifestLockResult.txt",
			);
			runOnlyForDeploymentPostprocessing = 0;
			shellPath = /bin/sh;
			shellScript = "diff \"${PODS_PODFILE_DIR_PATH}/Podfile.lock\" \"${PODS_ROOT}/Manifest.lock\" > /dev/null\nif [ $? != 0 ] ; then\n    # print error to STDERR\n    echo \"error: The sandbox is not in sync with the Podfile.lock. Run 'pod install' or update your CocoaPods installation.\" >&2\n    exit 1\nfi\n# This output is used by Xcode 'outputs' to avoid re-running this script phase.\necho \"SUCCESS\" > \"${SCRIPT_OUTPUT_FILE_0}\"\n";
			showEnvVarsInLog = 0;
		};
		57C204892404888600A5B90E /* SwiftLint */ = {
			isa = PBXShellScriptBuildPhase;
			buildActionMask = 2147483647;
			files = (
			);
			inputFileListPaths = (
			);
			inputPaths = (
			);
			name = SwiftLint;
			outputFileListPaths = (
			);
			outputPaths = (
			);
			runOnlyForDeploymentPostprocessing = 0;
			shellPath = /bin/sh;
			shellScript = "\"${PODS_ROOT}/SwiftLint/swiftlint\"\n";
		};
		743068F823FDCCC70075A374 /* R.Swift */ = {
			isa = PBXShellScriptBuildPhase;
			buildActionMask = 2147483647;
			files = (
			);
			inputFileListPaths = (
			);
			inputPaths = (
				"$TEMP_DIR/rswift-lastrun",
			);
			name = R.Swift;
			outputFileListPaths = (
			);
			outputPaths = (
				$SRCROOT/R.generated.swift,
			);
			runOnlyForDeploymentPostprocessing = 0;
			shellPath = /bin/sh;
			shellScript = "\"$PODS_ROOT/R.swift/rswift\" generate \"$SRCROOT/R.generated.swift\"\n\n";
		};
		C1DB71B0DFFFD8AC99E8C114 /* [CP] Check Pods Manifest.lock */ = {
			isa = PBXShellScriptBuildPhase;
			buildActionMask = 2147483647;
			files = (
			);
			inputFileListPaths = (
			);
			inputPaths = (
				"${PODS_PODFILE_DIR_PATH}/Podfile.lock",
				"${PODS_ROOT}/Manifest.lock",
			);
			name = "[CP] Check Pods Manifest.lock";
			outputFileListPaths = (
			);
			outputPaths = (
				"$(DERIVED_FILE_DIR)/Pods-Tinkoff Investment-Tinkoff Investor UI Tests-checkManifestLockResult.txt",
			);
			runOnlyForDeploymentPostprocessing = 0;
			shellPath = /bin/sh;
			shellScript = "diff \"${PODS_PODFILE_DIR_PATH}/Podfile.lock\" \"${PODS_ROOT}/Manifest.lock\" > /dev/null\nif [ $? != 0 ] ; then\n    # print error to STDERR\n    echo \"error: The sandbox is not in sync with the Podfile.lock. Run 'pod install' or update your CocoaPods installation.\" >&2\n    exit 1\nfi\n# This output is used by Xcode 'outputs' to avoid re-running this script phase.\necho \"SUCCESS\" > \"${SCRIPT_OUTPUT_FILE_0}\"\n";
			showEnvVarsInLog = 0;
		};
		D61DA2E8D79F16742B4FE21C /* [CP] Embed Pods Frameworks */ = {
			isa = PBXShellScriptBuildPhase;
			buildActionMask = 2147483647;
			files = (
			);
			inputFileListPaths = (
				"${PODS_ROOT}/Target Support Files/Pods-Tinkoff Investment-Tinkoff Investor UI Tests/Pods-Tinkoff Investment-Tinkoff Investor UI Tests-frameworks-${CONFIGURATION}-input-files.xcfilelist",
			);
			name = "[CP] Embed Pods Frameworks";
			outputFileListPaths = (
				"${PODS_ROOT}/Target Support Files/Pods-Tinkoff Investment-Tinkoff Investor UI Tests/Pods-Tinkoff Investment-Tinkoff Investor UI Tests-frameworks-${CONFIGURATION}-output-files.xcfilelist",
			);
			runOnlyForDeploymentPostprocessing = 0;
			shellPath = /bin/sh;
			shellScript = "\"${PODS_ROOT}/Target Support Files/Pods-Tinkoff Investment-Tinkoff Investor UI Tests/Pods-Tinkoff Investment-Tinkoff Investor UI Tests-frameworks.sh\"\n";
			showEnvVarsInLog = 0;
		};
/* End PBXShellScriptBuildPhase section */

/* Begin PBXSourcesBuildPhase section */
		57412A7B2422845300E8019A /* Sources */ = {
			isa = PBXSourcesBuildPhase;
			buildActionMask = 2147483647;
			files = (
				57412A822422845300E8019A /* AuthScreensUITests.swift in Sources */,
			);
			runOnlyForDeploymentPostprocessing = 0;
		};
		743068DD23FDC88C0075A374 /* Sources */ = {
			isa = PBXSourcesBuildPhase;
			buildActionMask = 2147483647;
			files = (
				743068E523FDC88C0075A374 /* AppDelegate.swift in Sources */,
				743068E723FDC88C0075A374 /* SceneDelegate.swift in Sources */,
				743068FE23FE55A40075A374 /* RootAppController.swift in Sources */,
				743068FA23FDCD6D0075A374 /* R.generated.swift in Sources */,
			);
			runOnlyForDeploymentPostprocessing = 0;
		};
/* End PBXSourcesBuildPhase section */

/* Begin PBXTargetDependency section */
		57412A852422845300E8019A /* PBXTargetDependency */ = {
			isa = PBXTargetDependency;
			target = 743068E023FDC88C0075A374 /* Tinkoff Investment */;
			targetProxy = 57412A842422845300E8019A /* PBXContainerItemProxy */;
		};
/* End PBXTargetDependency section */

/* Begin PBXVariantGroup section */
		743068EF23FDC88D0075A374 /* LaunchScreen.storyboard */ = {
			isa = PBXVariantGroup;
			children = (
				743068F023FDC88D0075A374 /* Base */,
			);
			name = LaunchScreen.storyboard;
			sourceTree = "<group>";
		};
/* End PBXVariantGroup section */

/* Begin XCBuildConfiguration section */
		57412A862422845300E8019A /* Debug */ = {
			isa = XCBuildConfiguration;
			baseConfigurationReference = 1289BE4E371867EAA5F334C6 /* Pods-Tinkoff Investment-Tinkoff Investor UI Tests.debug.xcconfig */;
			buildSettings = {
				CODE_SIGN_STYLE = Automatic;
				DEVELOPMENT_TEAM = YX6VKW92JQ;
				INFOPLIST_FILE = "Tinkoff Investor UI Tests/Info.plist";
				IPHONEOS_DEPLOYMENT_TARGET = 13.2;
				LD_RUNPATH_SEARCH_PATHS = (
					"$(inherited)",
					"@executable_path/Frameworks",
					"@loader_path/Frameworks",
				);
				PRODUCT_BUNDLE_IDENTIFIER = "artemkufaev.Tinkoff-Investor-UI-Tests";
				PRODUCT_NAME = "$(TARGET_NAME)";
				SWIFT_VERSION = 5.0;
				TARGETED_DEVICE_FAMILY = "1,2";
				TEST_TARGET_NAME = "Tinkoff Investment";
			};
			name = Debug;
		};
		57412A872422845300E8019A /* Release */ = {
			isa = XCBuildConfiguration;
			baseConfigurationReference = 63E8717A9C263561AF239A6E /* Pods-Tinkoff Investment-Tinkoff Investor UI Tests.release.xcconfig */;
			buildSettings = {
				CODE_SIGN_STYLE = Automatic;
				DEVELOPMENT_TEAM = YX6VKW92JQ;
				INFOPLIST_FILE = "Tinkoff Investor UI Tests/Info.plist";
				IPHONEOS_DEPLOYMENT_TARGET = 13.2;
				LD_RUNPATH_SEARCH_PATHS = (
					"$(inherited)",
					"@executable_path/Frameworks",
					"@loader_path/Frameworks",
				);
				PRODUCT_BUNDLE_IDENTIFIER = "artemkufaev.Tinkoff-Investor-UI-Tests";
				PRODUCT_NAME = "$(TARGET_NAME)";
				SWIFT_VERSION = 5.0;
				TARGETED_DEVICE_FAMILY = "1,2";
				TEST_TARGET_NAME = "Tinkoff Investment";
			};
			name = Release;
		};
		743068F323FDC88D0075A374 /* Debug */ = {
			isa = XCBuildConfiguration;
			buildSettings = {
				ALWAYS_SEARCH_USER_PATHS = NO;
				CLANG_ANALYZER_NONNULL = YES;
				CLANG_ANALYZER_NUMBER_OBJECT_CONVERSION = YES_AGGRESSIVE;
				CLANG_CXX_LANGUAGE_STANDARD = "gnu++14";
				CLANG_CXX_LIBRARY = "libc++";
				CLANG_ENABLE_MODULES = YES;
				CLANG_ENABLE_OBJC_ARC = YES;
				CLANG_ENABLE_OBJC_WEAK = YES;
				CLANG_WARN_BLOCK_CAPTURE_AUTORELEASING = YES;
				CLANG_WARN_BOOL_CONVERSION = YES;
				CLANG_WARN_COMMA = YES;
				CLANG_WARN_CONSTANT_CONVERSION = YES;
				CLANG_WARN_DEPRECATED_OBJC_IMPLEMENTATIONS = YES;
				CLANG_WARN_DIRECT_OBJC_ISA_USAGE = YES_ERROR;
				CLANG_WARN_DOCUMENTATION_COMMENTS = YES;
				CLANG_WARN_EMPTY_BODY = YES;
				CLANG_WARN_ENUM_CONVERSION = YES;
				CLANG_WARN_INFINITE_RECURSION = YES;
				CLANG_WARN_INT_CONVERSION = YES;
				CLANG_WARN_NON_LITERAL_NULL_CONVERSION = YES;
				CLANG_WARN_OBJC_IMPLICIT_RETAIN_SELF = YES;
				CLANG_WARN_OBJC_LITERAL_CONVERSION = YES;
				CLANG_WARN_OBJC_ROOT_CLASS = YES_ERROR;
				CLANG_WARN_RANGE_LOOP_ANALYSIS = YES;
				CLANG_WARN_STRICT_PROTOTYPES = YES;
				CLANG_WARN_SUSPICIOUS_MOVE = YES;
				CLANG_WARN_UNGUARDED_AVAILABILITY = YES_AGGRESSIVE;
				CLANG_WARN_UNREACHABLE_CODE = YES;
				CLANG_WARN__DUPLICATE_METHOD_MATCH = YES;
				COPY_PHASE_STRIP = NO;
				DEBUG_INFORMATION_FORMAT = dwarf;
				ENABLE_STRICT_OBJC_MSGSEND = YES;
				ENABLE_TESTABILITY = YES;
				GCC_C_LANGUAGE_STANDARD = gnu11;
				GCC_DYNAMIC_NO_PIC = NO;
				GCC_NO_COMMON_BLOCKS = YES;
				GCC_OPTIMIZATION_LEVEL = 0;
				GCC_PREPROCESSOR_DEFINITIONS = (
					"DEBUG=1",
					"$(inherited)",
				);
				GCC_WARN_64_TO_32_BIT_CONVERSION = YES;
				GCC_WARN_ABOUT_RETURN_TYPE = YES_ERROR;
				GCC_WARN_UNDECLARED_SELECTOR = YES;
				GCC_WARN_UNINITIALIZED_AUTOS = YES_AGGRESSIVE;
				GCC_WARN_UNUSED_FUNCTION = YES;
				GCC_WARN_UNUSED_VARIABLE = YES;
				IPHONEOS_DEPLOYMENT_TARGET = 13.0;
				MTL_ENABLE_DEBUG_INFO = INCLUDE_SOURCE;
				MTL_FAST_MATH = YES;
				ONLY_ACTIVE_ARCH = YES;
				SDKROOT = iphoneos;
				SWIFT_ACTIVE_COMPILATION_CONDITIONS = DEBUG;
				SWIFT_OPTIMIZATION_LEVEL = "-Onone";
			};
			name = Debug;
		};
		743068F423FDC88D0075A374 /* Release */ = {
			isa = XCBuildConfiguration;
			buildSettings = {
				ALWAYS_SEARCH_USER_PATHS = NO;
				CLANG_ANALYZER_NONNULL = YES;
				CLANG_ANALYZER_NUMBER_OBJECT_CONVERSION = YES_AGGRESSIVE;
				CLANG_CXX_LANGUAGE_STANDARD = "gnu++14";
				CLANG_CXX_LIBRARY = "libc++";
				CLANG_ENABLE_MODULES = YES;
				CLANG_ENABLE_OBJC_ARC = YES;
				CLANG_ENABLE_OBJC_WEAK = YES;
				CLANG_WARN_BLOCK_CAPTURE_AUTORELEASING = YES;
				CLANG_WARN_BOOL_CONVERSION = YES;
				CLANG_WARN_COMMA = YES;
				CLANG_WARN_CONSTANT_CONVERSION = YES;
				CLANG_WARN_DEPRECATED_OBJC_IMPLEMENTATIONS = YES;
				CLANG_WARN_DIRECT_OBJC_ISA_USAGE = YES_ERROR;
				CLANG_WARN_DOCUMENTATION_COMMENTS = YES;
				CLANG_WARN_EMPTY_BODY = YES;
				CLANG_WARN_ENUM_CONVERSION = YES;
				CLANG_WARN_INFINITE_RECURSION = YES;
				CLANG_WARN_INT_CONVERSION = YES;
				CLANG_WARN_NON_LITERAL_NULL_CONVERSION = YES;
				CLANG_WARN_OBJC_IMPLICIT_RETAIN_SELF = YES;
				CLANG_WARN_OBJC_LITERAL_CONVERSION = YES;
				CLANG_WARN_OBJC_ROOT_CLASS = YES_ERROR;
				CLANG_WARN_RANGE_LOOP_ANALYSIS = YES;
				CLANG_WARN_STRICT_PROTOTYPES = YES;
				CLANG_WARN_SUSPICIOUS_MOVE = YES;
				CLANG_WARN_UNGUARDED_AVAILABILITY = YES_AGGRESSIVE;
				CLANG_WARN_UNREACHABLE_CODE = YES;
				CLANG_WARN__DUPLICATE_METHOD_MATCH = YES;
				COPY_PHASE_STRIP = NO;
				DEBUG_INFORMATION_FORMAT = "dwarf-with-dsym";
				ENABLE_NS_ASSERTIONS = NO;
				ENABLE_STRICT_OBJC_MSGSEND = YES;
				GCC_C_LANGUAGE_STANDARD = gnu11;
				GCC_NO_COMMON_BLOCKS = YES;
				GCC_WARN_64_TO_32_BIT_CONVERSION = YES;
				GCC_WARN_ABOUT_RETURN_TYPE = YES_ERROR;
				GCC_WARN_UNDECLARED_SELECTOR = YES;
				GCC_WARN_UNINITIALIZED_AUTOS = YES_AGGRESSIVE;
				GCC_WARN_UNUSED_FUNCTION = YES;
				GCC_WARN_UNUSED_VARIABLE = YES;
				IPHONEOS_DEPLOYMENT_TARGET = 13.0;
				MTL_ENABLE_DEBUG_INFO = NO;
				MTL_FAST_MATH = YES;
				SDKROOT = iphoneos;
				SWIFT_COMPILATION_MODE = wholemodule;
				SWIFT_OPTIMIZATION_LEVEL = "-O";
				VALIDATE_PRODUCT = YES;
			};
			name = Release;
		};
		743068F623FDC88D0075A374 /* Debug */ = {
			isa = XCBuildConfiguration;
			baseConfigurationReference = 57272E932428B18C00A0E3ED /* Debug.xcconfig */;
			buildSettings = {
				ASSETCATALOG_COMPILER_APPICON_NAME = AppIcon;
				CODE_SIGN_STYLE = Automatic;
				DEVELOPMENT_TEAM = YX6VKW92JQ;
				INFOPLIST_FILE = "Tinkoff Investment/Info.plist";
				IPHONEOS_DEPLOYMENT_TARGET = 13.0;
				LD_RUNPATH_SEARCH_PATHS = (
					"$(inherited)",
					"@executable_path/Frameworks",
				);
				PRODUCT_BUNDLE_IDENTIFIER = "ru.tinkoff.courses.tinkoff-investment";
				PRODUCT_NAME = "Tinkoff Investor";
				SWIFT_VERSION = 5.0;
				TARGETED_DEVICE_FAMILY = 1;
			};
			name = Debug;
		};
		743068F723FDC88D0075A374 /* Release */ = {
			isa = XCBuildConfiguration;
			baseConfigurationReference = 57272E942428B1A000A0E3ED /* Staging.xcconfig */;
			buildSettings = {
				ASSETCATALOG_COMPILER_APPICON_NAME = AppIcon;
				CODE_SIGN_STYLE = Automatic;
				DEVELOPMENT_TEAM = YX6VKW92JQ;
				INFOPLIST_FILE = "Tinkoff Investment/Info.plist";
				IPHONEOS_DEPLOYMENT_TARGET = 13.0;
				LD_RUNPATH_SEARCH_PATHS = (
					"$(inherited)",
					"@executable_path/Frameworks",
				);
				PRODUCT_BUNDLE_IDENTIFIER = "ru.tinkoff.courses.tinkoff-investment";
				PRODUCT_NAME = "Tinkoff Investor";
				SWIFT_VERSION = 5.0;
				TARGETED_DEVICE_FAMILY = 1;
			};
			name = Release;
		};
/* End XCBuildConfiguration section */

/* Begin XCConfigurationList section */
		57412A882422845300E8019A /* Build configuration list for PBXNativeTarget "Tinkoff Investor UI Tests" */ = {
			isa = XCConfigurationList;
			buildConfigurations = (
				57412A862422845300E8019A /* Debug */,
				57412A872422845300E8019A /* Release */,
			);
			defaultConfigurationIsVisible = 0;
			defaultConfigurationName = Release;
		};
		743068DC23FDC88C0075A374 /* Build configuration list for PBXProject "Tinkoff Investment" */ = {
			isa = XCConfigurationList;
			buildConfigurations = (
				743068F323FDC88D0075A374 /* Debug */,
				743068F423FDC88D0075A374 /* Release */,
			);
			defaultConfigurationIsVisible = 0;
			defaultConfigurationName = Release;
		};
		743068F523FDC88D0075A374 /* Build configuration list for PBXNativeTarget "Tinkoff Investment" */ = {
			isa = XCConfigurationList;
			buildConfigurations = (
				743068F623FDC88D0075A374 /* Debug */,
				743068F723FDC88D0075A374 /* Release */,
			);
			defaultConfigurationIsVisible = 0;
			defaultConfigurationName = Release;
		};
/* End XCConfigurationList section */
	};
	rootObject = 743068D923FDC88C0075A374 /* Project object */;
}
