PODS:
  - DesignKit (0.1.0):
    - UIUtils
  - Network (0.1.0)
  - Storage (0.1.0)
  - TicketList (0.1.0):
    - DesignKit
    - Network
    - Storage
    - UIUtils
  - UIUtils (0.1.0)

DEPENDENCIES:
  - DesignKit (from `../../DesignKit/`)
  - Network (from `../../Network/`)
  - Storage (from `../../Storage/`)
  - TicketList (from `../`)
  - UIUtils (from `../../UIUtils/`)

EXTERNAL SOURCES:
  DesignKit:
    :path: "../../DesignKit/"
  Network:
    :path: "../../Network/"
  Storage:
    :path: "../../Storage/"
  TicketList:
    :path: "../"
  UIUtils:
    :path: "../../UIUtils/"

SPEC CHECKSUMS:
  DesignKit: e3e210d54b91be6779b8db7f2ee73e9f643a9dad
  Network: 57206d692ec3af6aea50bfee90fbde910902df59
  Storage: 8c90e63db432ad3aea2bbf599cef91628abf801f
  TicketList: 41ae5778f4e1de0066d90178ab0cc4793be23a3d
  UIUtils: 0717d0deb9653664ebb73e9270b94e19878443d9

PODFILE CHECKSUM: b1dbeda3dfb7407adbe956eef6197c896ca418e2

COCOAPODS: 1.9.0
