PODS:
  - FinnhubDataManager (0.1.0):
    - Network
    - Storage
  - Network (0.1.0)
  - Nimble (8.0.5)
  - Quick (2.2.0)
  - Storage (0.1.0)

DEPENDENCIES:
  - FinnhubDataManager (from `../`)
  - Network (from `../../../Core/Network/`)
  - Nimble
  - Quick
  - Storage (from `../../../Core/Storage/`)

SPEC REPOS:
  trunk:
    - Nimble
    - Quick

EXTERNAL SOURCES:
  FinnhubDataManager:
    :path: "../"
  Network:
    :path: "../../../Core/Network/"
  Storage:
    :path: "../../../Core/Storage/"

SPEC CHECKSUMS:
  FinnhubDataManager: b51fb2844e9be6d4a3f858fa1ae2c3efc7d37b0f
  Network: 57206d692ec3af6aea50bfee90fbde910902df59
  Nimble: 4ab1aeb9b45553c75b9687196b0fa0713170a332
  Quick: 7fb19e13be07b5dfb3b90d4f9824c855a11af40e
  Storage: 8c90e63db432ad3aea2bbf599cef91628abf801f

PODFILE CHECKSUM: 923c5e81fdcb090800d9352be56b99152577294c

COCOAPODS: 1.9.0
